// !$*UTF8*$!
{
	archiveVersion = 1;
	classes = {
	};
	objectVersion = 46;
	objects = {

/* Begin PBXBuildFile section */
		1906EB18192C6DD9008C340F /* MapKit.framework in Frameworks */ = {isa = PBXBuildFile; fileRef = 1906EB17192C6DD9008C340F /* MapKit.framework */; };
		1906EB1A192C6DDE008C340F /* Social.framework in Frameworks */ = {isa = PBXBuildFile; fileRef = 1906EB19192C6DDE008C340F /* Social.framework */; };
		1906EB1C192C6DE4008C340F /* Accounts.framework in Frameworks */ = {isa = PBXBuildFile; fileRef = 1906EB1B192C6DE4008C340F /* Accounts.framework */; };
		1906EB1F192C6FF8008C340F /* SocialMediaAccountViewController.m in Sources */ = {isa = PBXBuildFile; fileRef = 1906EB1E192C6FF8008C340F /* SocialMediaAccountViewController.m */; };
		1906EB20192C6FF8008C340F /* SocialMediaAccountViewController.m in Sources */ = {isa = PBXBuildFile; fileRef = 1906EB1E192C6FF8008C340F /* SocialMediaAccountViewController.m */; };
		1906EB23192C7AE4008C340F /* TimelineEntry.m in Sources */ = {isa = PBXBuildFile; fileRef = 1906EB22192C7AE4008C340F /* TimelineEntry.m */; };
		1906EB24192C7AE4008C340F /* TimelineEntry.m in Sources */ = {isa = PBXBuildFile; fileRef = 1906EB22192C7AE4008C340F /* TimelineEntry.m */; };
		1906EB27192C7AE4008C340F /* SocialMediaAccount.m in Sources */ = {isa = PBXBuildFile; fileRef = 1906EB26192C7AE4008C340F /* SocialMediaAccount.m */; };
		1906EB28192C7AE4008C340F /* SocialMediaAccount.m in Sources */ = {isa = PBXBuildFile; fileRef = 1906EB26192C7AE4008C340F /* SocialMediaAccount.m */; };
		1906EB2B192C7AE4008C340F /* Contact.m in Sources */ = {isa = PBXBuildFile; fileRef = 1906EB2A192C7AE4008C340F /* Contact.m */; };
		1906EB2C192C7AE4008C340F /* Contact.m in Sources */ = {isa = PBXBuildFile; fileRef = 1906EB2A192C7AE4008C340F /* Contact.m */; };
		191ABECF192D789800DF31DD /* NSDateFormatter+STTwitter.m in Sources */ = {isa = PBXBuildFile; fileRef = 191ABEB3192D789800DF31DD /* NSDateFormatter+STTwitter.m */; };
		191ABED0192D789800DF31DD /* NSDateFormatter+STTwitter.m in Sources */ = {isa = PBXBuildFile; fileRef = 191ABEB3192D789800DF31DD /* NSDateFormatter+STTwitter.m */; };
		191ABED1192D789800DF31DD /* NSError+STTwitter.m in Sources */ = {isa = PBXBuildFile; fileRef = 191ABEB5192D789800DF31DD /* NSError+STTwitter.m */; };
		191ABED2192D789800DF31DD /* NSError+STTwitter.m in Sources */ = {isa = PBXBuildFile; fileRef = 191ABEB5192D789800DF31DD /* NSError+STTwitter.m */; };
		191ABED3192D789800DF31DD /* NSString+STTwitter.m in Sources */ = {isa = PBXBuildFile; fileRef = 191ABEB7192D789800DF31DD /* NSString+STTwitter.m */; };
		191ABED4192D789800DF31DD /* NSString+STTwitter.m in Sources */ = {isa = PBXBuildFile; fileRef = 191ABEB7192D789800DF31DD /* NSString+STTwitter.m */; };
		191ABED5192D789800DF31DD /* STHTTPRequest+STTwitter.m in Sources */ = {isa = PBXBuildFile; fileRef = 191ABEB9192D789800DF31DD /* STHTTPRequest+STTwitter.m */; };
		191ABED6192D789800DF31DD /* STHTTPRequest+STTwitter.m in Sources */ = {isa = PBXBuildFile; fileRef = 191ABEB9192D789800DF31DD /* STHTTPRequest+STTwitter.m */; };
		191ABED7192D789800DF31DD /* STTwitterAPI.m in Sources */ = {isa = PBXBuildFile; fileRef = 191ABEBC192D789800DF31DD /* STTwitterAPI.m */; };
		191ABED8192D789800DF31DD /* STTwitterAPI.m in Sources */ = {isa = PBXBuildFile; fileRef = 191ABEBC192D789800DF31DD /* STTwitterAPI.m */; };
		191ABED9192D789800DF31DD /* STTwitterAppOnly.m in Sources */ = {isa = PBXBuildFile; fileRef = 191ABEBE192D789800DF31DD /* STTwitterAppOnly.m */; };
		191ABEDA192D789800DF31DD /* STTwitterAppOnly.m in Sources */ = {isa = PBXBuildFile; fileRef = 191ABEBE192D789800DF31DD /* STTwitterAppOnly.m */; };
		191ABEDB192D789800DF31DD /* STTwitterHTML.m in Sources */ = {isa = PBXBuildFile; fileRef = 191ABEC0192D789800DF31DD /* STTwitterHTML.m */; };
		191ABEDC192D789800DF31DD /* STTwitterHTML.m in Sources */ = {isa = PBXBuildFile; fileRef = 191ABEC0192D789800DF31DD /* STTwitterHTML.m */; };
		191ABEDD192D789800DF31DD /* STTwitterOAuth.m in Sources */ = {isa = PBXBuildFile; fileRef = 191ABEC2192D789800DF31DD /* STTwitterOAuth.m */; };
		191ABEDE192D789800DF31DD /* STTwitterOAuth.m in Sources */ = {isa = PBXBuildFile; fileRef = 191ABEC2192D789800DF31DD /* STTwitterOAuth.m */; };
		191ABEDF192D789800DF31DD /* STTwitterOS.m in Sources */ = {isa = PBXBuildFile; fileRef = 191ABEC4192D789800DF31DD /* STTwitterOS.m */; };
		191ABEE0192D789800DF31DD /* STTwitterOS.m in Sources */ = {isa = PBXBuildFile; fileRef = 191ABEC4192D789800DF31DD /* STTwitterOS.m */; };
		191ABEE1192D789800DF31DD /* STTwitterOSRequest.m in Sources */ = {isa = PBXBuildFile; fileRef = 191ABEC6192D789800DF31DD /* STTwitterOSRequest.m */; };
		191ABEE2192D789800DF31DD /* STTwitterOSRequest.m in Sources */ = {isa = PBXBuildFile; fileRef = 191ABEC6192D789800DF31DD /* STTwitterOSRequest.m */; };
		191ABEE3192D789800DF31DD /* BAVPlistNode.m in Sources */ = {isa = PBXBuildFile; fileRef = 191ABECA192D789800DF31DD /* BAVPlistNode.m */; };
		191ABEE4192D789800DF31DD /* BAVPlistNode.m in Sources */ = {isa = PBXBuildFile; fileRef = 191ABECA192D789800DF31DD /* BAVPlistNode.m */; };
		191ABEE5192D789800DF31DD /* JSONSyntaxHighlight.m in Sources */ = {isa = PBXBuildFile; fileRef = 191ABECC192D789800DF31DD /* JSONSyntaxHighlight.m */; };
		191ABEE6192D789800DF31DD /* JSONSyntaxHighlight.m in Sources */ = {isa = PBXBuildFile; fileRef = 191ABECC192D789800DF31DD /* JSONSyntaxHighlight.m */; };
		191ABEE7192D789800DF31DD /* STHTTPRequest.m in Sources */ = {isa = PBXBuildFile; fileRef = 191ABECE192D789800DF31DD /* STHTTPRequest.m */; };
		191ABEE8192D789800DF31DD /* STHTTPRequest.m in Sources */ = {isa = PBXBuildFile; fileRef = 191ABECE192D789800DF31DD /* STHTTPRequest.m */; };
		191ABEEB192D7F3A00DF31DD /* FlickrAPI.m in Sources */ = {isa = PBXBuildFile; fileRef = 191ABEEA192D7F3A00DF31DD /* FlickrAPI.m */; };
		191ABEEC192D7F3A00DF31DD /* FlickrAPI.m in Sources */ = {isa = PBXBuildFile; fileRef = 191ABEEA192D7F3A00DF31DD /* FlickrAPI.m */; };
		191ABEEF192D82DF00DF31DD /* FlickrTableViewController.m in Sources */ = {isa = PBXBuildFile; fileRef = 191ABEEE192D82DF00DF31DD /* FlickrTableViewController.m */; };
		191ABEF0192D82DF00DF31DD /* FlickrTableViewController.m in Sources */ = {isa = PBXBuildFile; fileRef = 191ABEEE192D82DF00DF31DD /* FlickrTableViewController.m */; };
		191ABEF3192D82EB00DF31DD /* FlickrImageViewController.m in Sources */ = {isa = PBXBuildFile; fileRef = 191ABEF2192D82EB00DF31DD /* FlickrImageViewController.m */; };
		191ABEF4192D82EB00DF31DD /* FlickrImageViewController.m in Sources */ = {isa = PBXBuildFile; fileRef = 191ABEF2192D82EB00DF31DD /* FlickrImageViewController.m */; };
		196922AB192C9B46009E868A /* WebsiteViewController.m in Sources */ = {isa = PBXBuildFile; fileRef = 196922AA192C9B46009E868A /* WebsiteViewController.m */; };
		196922AC192C9B46009E868A /* WebsiteViewController.m in Sources */ = {isa = PBXBuildFile; fileRef = 196922AA192C9B46009E868A /* WebsiteViewController.m */; };
		19885368192CA3FA00DDB028 /* FeedTableViewController.m in Sources */ = {isa = PBXBuildFile; fileRef = 19885367192CA3FA00DDB028 /* FeedTableViewController.m */; };
		19885369192CA3FA00DDB028 /* FeedTableViewController.m in Sources */ = {isa = PBXBuildFile; fileRef = 19885367192CA3FA00DDB028 /* FeedTableViewController.m */; };
		19CD3B6E19283FAB00ADD677 /* Foundation.framework in Frameworks */ = {isa = PBXBuildFile; fileRef = 19CD3B6D19283FAB00ADD677 /* Foundation.framework */; };
		19CD3B7019283FAB00ADD677 /* CoreGraphics.framework in Frameworks */ = {isa = PBXBuildFile; fileRef = 19CD3B6F19283FAB00ADD677 /* CoreGraphics.framework */; };
		19CD3B7219283FAB00ADD677 /* UIKit.framework in Frameworks */ = {isa = PBXBuildFile; fileRef = 19CD3B7119283FAB00ADD677 /* UIKit.framework */; };
		19CD3B7419283FAB00ADD677 /* CoreData.framework in Frameworks */ = {isa = PBXBuildFile; fileRef = 19CD3B7319283FAB00ADD677 /* CoreData.framework */; };
		19CD3B7A19283FAB00ADD677 /* InfoPlist.strings in Resources */ = {isa = PBXBuildFile; fileRef = 19CD3B7819283FAB00ADD677 /* InfoPlist.strings */; };
		19CD3B7C19283FAB00ADD677 /* main.m in Sources */ = {isa = PBXBuildFile; fileRef = 19CD3B7B19283FAB00ADD677 /* main.m */; };
		19CD3B8019283FAB00ADD677 /* AppDelegate.m in Sources */ = {isa = PBXBuildFile; fileRef = 19CD3B7F19283FAB00ADD677 /* AppDelegate.m */; };
		19CD3B8319283FAB00ADD677 /* Main.storyboard in Resources */ = {isa = PBXBuildFile; fileRef = 19CD3B8119283FAB00ADD677 /* Main.storyboard */; };
		19CD3B8619283FAB00ADD677 /* Social.xcdatamodeld in Sources */ = {isa = PBXBuildFile; fileRef = 19CD3B8419283FAB00ADD677 /* Social.xcdatamodeld */; };
		19CD3B8919283FAB00ADD677 /* MasterViewController.m in Sources */ = {isa = PBXBuildFile; fileRef = 19CD3B8819283FAB00ADD677 /* MasterViewController.m */; };
		19CD3B8C19283FAB00ADD677 /* DetailViewController.m in Sources */ = {isa = PBXBuildFile; fileRef = 19CD3B8B19283FAB00ADD677 /* DetailViewController.m */; };
		19CD3B8E19283FAB00ADD677 /* Images.xcassets in Resources */ = {isa = PBXBuildFile; fileRef = 19CD3B8D19283FAB00ADD677 /* Images.xcassets */; };
		19CD3B9519283FAB00ADD677 /* XCTest.framework in Frameworks */ = {isa = PBXBuildFile; fileRef = 19CD3B9419283FAB00ADD677 /* XCTest.framework */; };
		19CD3B9619283FAB00ADD677 /* Foundation.framework in Frameworks */ = {isa = PBXBuildFile; fileRef = 19CD3B6D19283FAB00ADD677 /* Foundation.framework */; };
		19CD3B9719283FAB00ADD677 /* UIKit.framework in Frameworks */ = {isa = PBXBuildFile; fileRef = 19CD3B7119283FAB00ADD677 /* UIKit.framework */; };
		19CD3B9819283FAB00ADD677 /* CoreData.framework in Frameworks */ = {isa = PBXBuildFile; fileRef = 19CD3B7319283FAB00ADD677 /* CoreData.framework */; };
		19CD3BA019283FAB00ADD677 /* InfoPlist.strings in Resources */ = {isa = PBXBuildFile; fileRef = 19CD3B9E19283FAB00ADD677 /* InfoPlist.strings */; };
		19CD3BA219283FAB00ADD677 /* SocialTests.m in Sources */ = {isa = PBXBuildFile; fileRef = 19CD3BA119283FAB00ADD677 /* SocialTests.m */; };
/* End PBXBuildFile section */

/* Begin PBXContainerItemProxy section */
		19CD3B9919283FAB00ADD677 /* PBXContainerItemProxy */ = {
			isa = PBXContainerItemProxy;
			containerPortal = 19CD3B6219283FAB00ADD677 /* Project object */;
			proxyType = 1;
			remoteGlobalIDString = 19CD3B6919283FAB00ADD677;
			remoteInfo = Social;
		};
/* End PBXContainerItemProxy section */

/* Begin PBXFileReference section */
		1906EB17192C6DD9008C340F /* MapKit.framework */ = {isa = PBXFileReference; lastKnownFileType = wrapper.framework; name = MapKit.framework; path = System/Library/Frameworks/MapKit.framework; sourceTree = SDKROOT; };
		1906EB19192C6DDE008C340F /* Social.framework */ = {isa = PBXFileReference; lastKnownFileType = wrapper.framework; name = Social.framework; path = System/Library/Frameworks/Social.framework; sourceTree = SDKROOT; };
		1906EB1B192C6DE4008C340F /* Accounts.framework */ = {isa = PBXFileReference; lastKnownFileType = wrapper.framework; name = Accounts.framework; path = System/Library/Frameworks/Accounts.framework; sourceTree = SDKROOT; };
		1906EB1D192C6FF8008C340F /* SocialMediaAccountViewController.h */ = {isa = PBXFileReference; fileEncoding = 4; lastKnownFileType = sourcecode.c.h; path = SocialMediaAccountViewController.h; sourceTree = "<group>"; };
		1906EB1E192C6FF8008C340F /* SocialMediaAccountViewController.m */ = {isa = PBXFileReference; fileEncoding = 4; lastKnownFileType = sourcecode.c.objc; path = SocialMediaAccountViewController.m; sourceTree = "<group>"; };
		1906EB21192C7AE4008C340F /* TimelineEntry.h */ = {isa = PBXFileReference; fileEncoding = 4; lastKnownFileType = sourcecode.c.h; path = TimelineEntry.h; sourceTree = "<group>"; };
		1906EB22192C7AE4008C340F /* TimelineEntry.m */ = {isa = PBXFileReference; fileEncoding = 4; lastKnownFileType = sourcecode.c.objc; path = TimelineEntry.m; sourceTree = "<group>"; };
		1906EB25192C7AE4008C340F /* SocialMediaAccount.h */ = {isa = PBXFileReference; fileEncoding = 4; lastKnownFileType = sourcecode.c.h; path = SocialMediaAccount.h; sourceTree = "<group>"; };
		1906EB26192C7AE4008C340F /* SocialMediaAccount.m */ = {isa = PBXFileReference; fileEncoding = 4; lastKnownFileType = sourcecode.c.objc; path = SocialMediaAccount.m; sourceTree = "<group>"; };
		1906EB29192C7AE4008C340F /* Contact.h */ = {isa = PBXFileReference; fileEncoding = 4; lastKnownFileType = sourcecode.c.h; path = Contact.h; sourceTree = "<group>"; };
		1906EB2A192C7AE4008C340F /* Contact.m */ = {isa = PBXFileReference; fileEncoding = 4; lastKnownFileType = sourcecode.c.objc; path = Contact.m; sourceTree = "<group>"; };
		191ABEB2192D789800DF31DD /* NSDateFormatter+STTwitter.h */ = {isa = PBXFileReference; fileEncoding = 4; lastKnownFileType = sourcecode.c.h; path = "NSDateFormatter+STTwitter.h"; sourceTree = "<group>"; };
		191ABEB3192D789800DF31DD /* NSDateFormatter+STTwitter.m */ = {isa = PBXFileReference; fileEncoding = 4; lastKnownFileType = sourcecode.c.objc; path = "NSDateFormatter+STTwitter.m"; sourceTree = "<group>"; };
		191ABEB4192D789800DF31DD /* NSError+STTwitter.h */ = {isa = PBXFileReference; fileEncoding = 4; lastKnownFileType = sourcecode.c.h; path = "NSError+STTwitter.h"; sourceTree = "<group>"; };
		191ABEB5192D789800DF31DD /* NSError+STTwitter.m */ = {isa = PBXFileReference; fileEncoding = 4; lastKnownFileType = sourcecode.c.objc; path = "NSError+STTwitter.m"; sourceTree = "<group>"; };
		191ABEB6192D789800DF31DD /* NSString+STTwitter.h */ = {isa = PBXFileReference; fileEncoding = 4; lastKnownFileType = sourcecode.c.h; path = "NSString+STTwitter.h"; sourceTree = "<group>"; };
		191ABEB7192D789800DF31DD /* NSString+STTwitter.m */ = {isa = PBXFileReference; fileEncoding = 4; lastKnownFileType = sourcecode.c.objc; path = "NSString+STTwitter.m"; sourceTree = "<group>"; };
		191ABEB8192D789800DF31DD /* STHTTPRequest+STTwitter.h */ = {isa = PBXFileReference; fileEncoding = 4; lastKnownFileType = sourcecode.c.h; path = "STHTTPRequest+STTwitter.h"; sourceTree = "<group>"; };
		191ABEB9192D789800DF31DD /* STHTTPRequest+STTwitter.m */ = {isa = PBXFileReference; fileEncoding = 4; lastKnownFileType = sourcecode.c.objc; path = "STHTTPRequest+STTwitter.m"; sourceTree = "<group>"; };
		191ABEBA192D789800DF31DD /* STTwitter.h */ = {isa = PBXFileReference; fileEncoding = 4; lastKnownFileType = sourcecode.c.h; path = STTwitter.h; sourceTree = "<group>"; };
		191ABEBB192D789800DF31DD /* STTwitterAPI.h */ = {isa = PBXFileReference; fileEncoding = 4; lastKnownFileType = sourcecode.c.h; path = STTwitterAPI.h; sourceTree = "<group>"; };
		191ABEBC192D789800DF31DD /* STTwitterAPI.m */ = {isa = PBXFileReference; fileEncoding = 4; lastKnownFileType = sourcecode.c.objc; path = STTwitterAPI.m; sourceTree = "<group>"; };
		191ABEBD192D789800DF31DD /* STTwitterAppOnly.h */ = {isa = PBXFileReference; fileEncoding = 4; lastKnownFileType = sourcecode.c.h; path = STTwitterAppOnly.h; sourceTree = "<group>"; };
		191ABEBE192D789800DF31DD /* STTwitterAppOnly.m */ = {isa = PBXFileReference; fileEncoding = 4; lastKnownFileType = sourcecode.c.objc; path = STTwitterAppOnly.m; sourceTree = "<group>"; };
		191ABEBF192D789800DF31DD /* STTwitterHTML.h */ = {isa = PBXFileReference; fileEncoding = 4; lastKnownFileType = sourcecode.c.h; path = STTwitterHTML.h; sourceTree = "<group>"; };
		191ABEC0192D789800DF31DD /* STTwitterHTML.m */ = {isa = PBXFileReference; fileEncoding = 4; lastKnownFileType = sourcecode.c.objc; path = STTwitterHTML.m; sourceTree = "<group>"; };
		191ABEC1192D789800DF31DD /* STTwitterOAuth.h */ = {isa = PBXFileReference; fileEncoding = 4; lastKnownFileType = sourcecode.c.h; path = STTwitterOAuth.h; sourceTree = "<group>"; };
		191ABEC2192D789800DF31DD /* STTwitterOAuth.m */ = {isa = PBXFileReference; fileEncoding = 4; lastKnownFileType = sourcecode.c.objc; path = STTwitterOAuth.m; sourceTree = "<group>"; };
		191ABEC3192D789800DF31DD /* STTwitterOS.h */ = {isa = PBXFileReference; fileEncoding = 4; lastKnownFileType = sourcecode.c.h; path = STTwitterOS.h; sourceTree = "<group>"; };
		191ABEC4192D789800DF31DD /* STTwitterOS.m */ = {isa = PBXFileReference; fileEncoding = 4; lastKnownFileType = sourcecode.c.objc; path = STTwitterOS.m; sourceTree = "<group>"; };
		191ABEC5192D789800DF31DD /* STTwitterOSRequest.h */ = {isa = PBXFileReference; fileEncoding = 4; lastKnownFileType = sourcecode.c.h; path = STTwitterOSRequest.h; sourceTree = "<group>"; };
		191ABEC6192D789800DF31DD /* STTwitterOSRequest.m */ = {isa = PBXFileReference; fileEncoding = 4; lastKnownFileType = sourcecode.c.objc; path = STTwitterOSRequest.m; sourceTree = "<group>"; };
		191ABEC7192D789800DF31DD /* STTwitterProtocol.h */ = {isa = PBXFileReference; fileEncoding = 4; lastKnownFileType = sourcecode.c.h; path = STTwitterProtocol.h; sourceTree = "<group>"; };
		191ABEC9192D789800DF31DD /* BAVPlistNode.h */ = {isa = PBXFileReference; fileEncoding = 4; lastKnownFileType = sourcecode.c.h; path = BAVPlistNode.h; sourceTree = "<group>"; };
		191ABECA192D789800DF31DD /* BAVPlistNode.m */ = {isa = PBXFileReference; fileEncoding = 4; lastKnownFileType = sourcecode.c.objc; path = BAVPlistNode.m; sourceTree = "<group>"; };
		191ABECB192D789800DF31DD /* JSONSyntaxHighlight.h */ = {isa = PBXFileReference; fileEncoding = 4; lastKnownFileType = sourcecode.c.h; path = JSONSyntaxHighlight.h; sourceTree = "<group>"; };
		191ABECC192D789800DF31DD /* JSONSyntaxHighlight.m */ = {isa = PBXFileReference; fileEncoding = 4; lastKnownFileType = sourcecode.c.objc; path = JSONSyntaxHighlight.m; sourceTree = "<group>"; };
		191ABECD192D789800DF31DD /* STHTTPRequest.h */ = {isa = PBXFileReference; fileEncoding = 4; lastKnownFileType = sourcecode.c.h; path = STHTTPRequest.h; sourceTree = "<group>"; };
		191ABECE192D789800DF31DD /* STHTTPRequest.m */ = {isa = PBXFileReference; fileEncoding = 4; lastKnownFileType = sourcecode.c.objc; path = STHTTPRequest.m; sourceTree = "<group>"; };
		191ABEE9192D7F3A00DF31DD /* FlickrAPI.h */ = {isa = PBXFileReference; fileEncoding = 4; lastKnownFileType = sourcecode.c.h; path = FlickrAPI.h; sourceTree = "<group>"; };
		191ABEEA192D7F3A00DF31DD /* FlickrAPI.m */ = {isa = PBXFileReference; fileEncoding = 4; lastKnownFileType = sourcecode.c.objc; path = FlickrAPI.m; sourceTree = "<group>"; };
		191ABEED192D82DF00DF31DD /* FlickrTableViewController.h */ = {isa = PBXFileReference; fileEncoding = 4; lastKnownFileType = sourcecode.c.h; path = FlickrTableViewController.h; sourceTree = "<group>"; };
		191ABEEE192D82DF00DF31DD /* FlickrTableViewController.m */ = {isa = PBXFileReference; fileEncoding = 4; lastKnownFileType = sourcecode.c.objc; path = FlickrTableViewController.m; sourceTree = "<group>"; };
		191ABEF1192D82EB00DF31DD /* FlickrImageViewController.h */ = {isa = PBXFileReference; fileEncoding = 4; lastKnownFileType = sourcecode.c.h; path = FlickrImageViewController.h; sourceTree = "<group>"; };
		191ABEF2192D82EB00DF31DD /* FlickrImageViewController.m */ = {isa = PBXFileReference; fileEncoding = 4; lastKnownFileType = sourcecode.c.objc; path = FlickrImageViewController.m; sourceTree = "<group>"; };
		196922A9192C9B46009E868A /* WebsiteViewController.h */ = {isa = PBXFileReference; fileEncoding = 4; lastKnownFileType = sourcecode.c.h; path = WebsiteViewController.h; sourceTree = "<group>"; };
		196922AA192C9B46009E868A /* WebsiteViewController.m */ = {isa = PBXFileReference; fileEncoding = 4; lastKnownFileType = sourcecode.c.objc; path = WebsiteViewController.m; sourceTree = "<group>"; };
		19885366192CA3FA00DDB028 /* FeedTableViewController.h */ = {isa = PBXFileReference; fileEncoding = 4; lastKnownFileType = sourcecode.c.h; name = FeedTableViewController.h; path = ../FeedTableViewController.h; sourceTree = "<group>"; };
		19885367192CA3FA00DDB028 /* FeedTableViewController.m */ = {isa = PBXFileReference; fileEncoding = 4; lastKnownFileType = sourcecode.c.objc; name = FeedTableViewController.m; path = ../FeedTableViewController.m; sourceTree = "<group>"; };
		19CD3B6A19283FAB00ADD677 /* Social.app */ = {isa = PBXFileReference; explicitFileType = wrapper.application; includeInIndex = 0; path = Social.app; sourceTree = BUILT_PRODUCTS_DIR; };
		19CD3B6D19283FAB00ADD677 /* Foundation.framework */ = {isa = PBXFileReference; lastKnownFileType = wrapper.framework; name = Foundation.framework; path = System/Library/Frameworks/Foundation.framework; sourceTree = SDKROOT; };
		19CD3B6F19283FAB00ADD677 /* CoreGraphics.framework */ = {isa = PBXFileReference; lastKnownFileType = wrapper.framework; name = CoreGraphics.framework; path = System/Library/Frameworks/CoreGraphics.framework; sourceTree = SDKROOT; };
		19CD3B7119283FAB00ADD677 /* UIKit.framework */ = {isa = PBXFileReference; lastKnownFileType = wrapper.framework; name = UIKit.framework; path = System/Library/Frameworks/UIKit.framework; sourceTree = SDKROOT; };
		19CD3B7319283FAB00ADD677 /* CoreData.framework */ = {isa = PBXFileReference; lastKnownFileType = wrapper.framework; name = CoreData.framework; path = System/Library/Frameworks/CoreData.framework; sourceTree = SDKROOT; };
		19CD3B7719283FAB00ADD677 /* Social-Info.plist */ = {isa = PBXFileReference; lastKnownFileType = text.plist.xml; path = "Social-Info.plist"; sourceTree = "<group>"; };
		19CD3B7919283FAB00ADD677 /* en */ = {isa = PBXFileReference; lastKnownFileType = text.plist.strings; name = en; path = en.lproj/InfoPlist.strings; sourceTree = "<group>"; };
		19CD3B7B19283FAB00ADD677 /* main.m */ = {isa = PBXFileReference; lastKnownFileType = sourcecode.c.objc; path = main.m; sourceTree = "<group>"; };
		19CD3B7D19283FAB00ADD677 /* Social-Prefix.pch */ = {isa = PBXFileReference; lastKnownFileType = sourcecode.c.h; path = "Social-Prefix.pch"; sourceTree = "<group>"; };
		19CD3B7E19283FAB00ADD677 /* AppDelegate.h */ = {isa = PBXFileReference; lastKnownFileType = sourcecode.c.h; path = AppDelegate.h; sourceTree = "<group>"; };
		19CD3B7F19283FAB00ADD677 /* AppDelegate.m */ = {isa = PBXFileReference; lastKnownFileType = sourcecode.c.objc; path = AppDelegate.m; sourceTree = "<group>"; };
		19CD3B8219283FAB00ADD677 /* Base */ = {isa = PBXFileReference; lastKnownFileType = file.storyboard; name = Base; path = Base.lproj/Main.storyboard; sourceTree = "<group>"; };
		19CD3B8519283FAB00ADD677 /* Social.xcdatamodel */ = {isa = PBXFileReference; lastKnownFileType = wrapper.xcdatamodel; path = Social.xcdatamodel; sourceTree = "<group>"; };
		19CD3B8719283FAB00ADD677 /* MasterViewController.h */ = {isa = PBXFileReference; lastKnownFileType = sourcecode.c.h; path = MasterViewController.h; sourceTree = "<group>"; };
		19CD3B8819283FAB00ADD677 /* MasterViewController.m */ = {isa = PBXFileReference; lastKnownFileType = sourcecode.c.objc; path = MasterViewController.m; sourceTree = "<group>"; };
		19CD3B8A19283FAB00ADD677 /* DetailViewController.h */ = {isa = PBXFileReference; lastKnownFileType = sourcecode.c.h; path = DetailViewController.h; sourceTree = "<group>"; };
		19CD3B8B19283FAB00ADD677 /* DetailViewController.m */ = {isa = PBXFileReference; lastKnownFileType = sourcecode.c.objc; path = DetailViewController.m; sourceTree = "<group>"; };
		19CD3B8D19283FAB00ADD677 /* Images.xcassets */ = {isa = PBXFileReference; lastKnownFileType = folder.assetcatalog; path = Images.xcassets; sourceTree = "<group>"; };
		19CD3B9319283FAB00ADD677 /* SocialTests.xctest */ = {isa = PBXFileReference; explicitFileType = wrapper.cfbundle; includeInIndex = 0; path = SocialTests.xctest; sourceTree = BUILT_PRODUCTS_DIR; };
		19CD3B9419283FAB00ADD677 /* XCTest.framework */ = {isa = PBXFileReference; lastKnownFileType = wrapper.framework; name = XCTest.framework; path = Library/Frameworks/XCTest.framework; sourceTree = DEVELOPER_DIR; };
		19CD3B9D19283FAB00ADD677 /* SocialTests-Info.plist */ = {isa = PBXFileReference; lastKnownFileType = text.plist.xml; path = "SocialTests-Info.plist"; sourceTree = "<group>"; };
		19CD3B9F19283FAB00ADD677 /* en */ = {isa = PBXFileReference; lastKnownFileType = text.plist.strings; name = en; path = en.lproj/InfoPlist.strings; sourceTree = "<group>"; };
		19CD3BA119283FAB00ADD677 /* SocialTests.m */ = {isa = PBXFileReference; lastKnownFileType = sourcecode.c.objc; path = SocialTests.m; sourceTree = "<group>"; };
/* End PBXFileReference section */

/* Begin PBXFrameworksBuildPhase section */
		19CD3B6719283FAB00ADD677 /* Frameworks */ = {
			isa = PBXFrameworksBuildPhase;
			buildActionMask = 2147483647;
			files = (
				1906EB1C192C6DE4008C340F /* Accounts.framework in Frameworks */,
				1906EB1A192C6DDE008C340F /* Social.framework in Frameworks */,
				1906EB18192C6DD9008C340F /* MapKit.framework in Frameworks */,
				19CD3B7019283FAB00ADD677 /* CoreGraphics.framework in Frameworks */,
				19CD3B7419283FAB00ADD677 /* CoreData.framework in Frameworks */,
				19CD3B7219283FAB00ADD677 /* UIKit.framework in Frameworks */,
				19CD3B6E19283FAB00ADD677 /* Foundation.framework in Frameworks */,
			);
			runOnlyForDeploymentPostprocessing = 0;
		};
		19CD3B9019283FAB00ADD677 /* Frameworks */ = {
			isa = PBXFrameworksBuildPhase;
			buildActionMask = 2147483647;
			files = (
				19CD3B9519283FAB00ADD677 /* XCTest.framework in Frameworks */,
				19CD3B9819283FAB00ADD677 /* CoreData.framework in Frameworks */,
				19CD3B9719283FAB00ADD677 /* UIKit.framework in Frameworks */,
				19CD3B9619283FAB00ADD677 /* Foundation.framework in Frameworks */,
			);
			runOnlyForDeploymentPostprocessing = 0;
		};
/* End PBXFrameworksBuildPhase section */

/* Begin PBXGroup section */
		191ABEB1192D789800DF31DD /* STTwitter */ = {
			isa = PBXGroup;
			children = (
				191ABEB2192D789800DF31DD /* NSDateFormatter+STTwitter.h */,
				191ABEB3192D789800DF31DD /* NSDateFormatter+STTwitter.m */,
				191ABEB4192D789800DF31DD /* NSError+STTwitter.h */,
				191ABEB5192D789800DF31DD /* NSError+STTwitter.m */,
				191ABEB6192D789800DF31DD /* NSString+STTwitter.h */,
				191ABEB7192D789800DF31DD /* NSString+STTwitter.m */,
				191ABEB8192D789800DF31DD /* STHTTPRequest+STTwitter.h */,
				191ABEB9192D789800DF31DD /* STHTTPRequest+STTwitter.m */,
				191ABEBA192D789800DF31DD /* STTwitter.h */,
				191ABEBB192D789800DF31DD /* STTwitterAPI.h */,
				191ABEBC192D789800DF31DD /* STTwitterAPI.m */,
				191ABEBD192D789800DF31DD /* STTwitterAppOnly.h */,
				191ABEBE192D789800DF31DD /* STTwitterAppOnly.m */,
				191ABEBF192D789800DF31DD /* STTwitterHTML.h */,
				191ABEC0192D789800DF31DD /* STTwitterHTML.m */,
				191ABEC1192D789800DF31DD /* STTwitterOAuth.h */,
				191ABEC2192D789800DF31DD /* STTwitterOAuth.m */,
				191ABEC3192D789800DF31DD /* STTwitterOS.h */,
				191ABEC4192D789800DF31DD /* STTwitterOS.m */,
				191ABEC5192D789800DF31DD /* STTwitterOSRequest.h */,
				191ABEC6192D789800DF31DD /* STTwitterOSRequest.m */,
				191ABEC7192D789800DF31DD /* STTwitterProtocol.h */,
				191ABEC8192D789800DF31DD /* Vendor */,
			);
			path = STTwitter;
			sourceTree = "<group>";
		};
		191ABEC8192D789800DF31DD /* Vendor */ = {
			isa = PBXGroup;
			children = (
				191ABEC9192D789800DF31DD /* BAVPlistNode.h */,
				191ABECA192D789800DF31DD /* BAVPlistNode.m */,
				191ABECB192D789800DF31DD /* JSONSyntaxHighlight.h */,
				191ABECC192D789800DF31DD /* JSONSyntaxHighlight.m */,
				191ABECD192D789800DF31DD /* STHTTPRequest.h */,
				191ABECE192D789800DF31DD /* STHTTPRequest.m */,
			);
			path = Vendor;
			sourceTree = "<group>";
		};
		19CD3B6119283FAB00ADD677 = {
			isa = PBXGroup;
			children = (
				19CD3B7519283FAB00ADD677 /* Social */,
				19CD3B9B19283FAB00ADD677 /* SocialTests */,
				19CD3B6C19283FAB00ADD677 /* Frameworks */,
				19CD3B6B19283FAB00ADD677 /* Products */,
			);
			sourceTree = "<group>";
		};
		19CD3B6B19283FAB00ADD677 /* Products */ = {
			isa = PBXGroup;
			children = (
				19CD3B6A19283FAB00ADD677 /* Social.app */,
				19CD3B9319283FAB00ADD677 /* SocialTests.xctest */,
			);
			name = Products;
			sourceTree = "<group>";
		};
		19CD3B6C19283FAB00ADD677 /* Frameworks */ = {
			isa = PBXGroup;
			children = (
				1906EB1B192C6DE4008C340F /* Accounts.framework */,
				1906EB19192C6DDE008C340F /* Social.framework */,
				1906EB17192C6DD9008C340F /* MapKit.framework */,
				19CD3B6D19283FAB00ADD677 /* Foundation.framework */,
				19CD3B6F19283FAB00ADD677 /* CoreGraphics.framework */,
				19CD3B7119283FAB00ADD677 /* UIKit.framework */,
				19CD3B7319283FAB00ADD677 /* CoreData.framework */,
				19CD3B9419283FAB00ADD677 /* XCTest.framework */,
			);
			name = Frameworks;
			sourceTree = "<group>";
		};
		19CD3B7519283FAB00ADD677 /* Social */ = {
			isa = PBXGroup;
			children = (
				19CD3B7E19283FAB00ADD677 /* AppDelegate.h */,
				19CD3B7F19283FAB00ADD677 /* AppDelegate.m */,
				19CD3B8119283FAB00ADD677 /* Main.storyboard */,
				1906EB1D192C6FF8008C340F /* SocialMediaAccountViewController.h */,
				1906EB1E192C6FF8008C340F /* SocialMediaAccountViewController.m */,
				19CD3B8719283FAB00ADD677 /* MasterViewController.h */,
				19CD3B8819283FAB00ADD677 /* MasterViewController.m */,
				19CD3B8A19283FAB00ADD677 /* DetailViewController.h */,
				19CD3B8B19283FAB00ADD677 /* DetailViewController.m */,
				1906EB29192C7AE4008C340F /* Contact.h */,
				1906EB2A192C7AE4008C340F /* Contact.m */,
				1906EB25192C7AE4008C340F /* SocialMediaAccount.h */,
				1906EB26192C7AE4008C340F /* SocialMediaAccount.m */,
				1906EB21192C7AE4008C340F /* TimelineEntry.h */,
				1906EB22192C7AE4008C340F /* TimelineEntry.m */,
				19CD3B8419283FAB00ADD677 /* Social.xcdatamodeld */,
				191ABEE9192D7F3A00DF31DD /* FlickrAPI.h */,
				191ABEEA192D7F3A00DF31DD /* FlickrAPI.m */,
				196922A9192C9B46009E868A /* WebsiteViewController.h */,
				196922AA192C9B46009E868A /* WebsiteViewController.m */,
				19885366192CA3FA00DDB028 /* FeedTableViewController.h */,
				19885367192CA3FA00DDB028 /* FeedTableViewController.m */,
				191ABEED192D82DF00DF31DD /* FlickrTableViewController.h */,
				191ABEEE192D82DF00DF31DD /* FlickrTableViewController.m */,
				191ABEF1192D82EB00DF31DD /* FlickrImageViewController.h */,
				191ABEF2192D82EB00DF31DD /* FlickrImageViewController.m */,
				191ABEB1192D789800DF31DD /* STTwitter */,
				19CD3B8D19283FAB00ADD677 /* Images.xcassets */,
				19CD3B7619283FAB00ADD677 /* Supporting Files */,
			);
			path = Social;
			sourceTree = "<group>";
		};
		19CD3B7619283FAB00ADD677 /* Supporting Files */ = {
			isa = PBXGroup;
			children = (
				19CD3B7719283FAB00ADD677 /* Social-Info.plist */,
				19CD3B7819283FAB00ADD677 /* InfoPlist.strings */,
				19CD3B7B19283FAB00ADD677 /* main.m */,
				19CD3B7D19283FAB00ADD677 /* Social-Prefix.pch */,
			);
			name = "Supporting Files";
			sourceTree = "<group>";
		};
		19CD3B9B19283FAB00ADD677 /* SocialTests */ = {
			isa = PBXGroup;
			children = (
				19CD3BA119283FAB00ADD677 /* SocialTests.m */,
				19CD3B9C19283FAB00ADD677 /* Supporting Files */,
			);
			path = SocialTests;
			sourceTree = "<group>";
		};
		19CD3B9C19283FAB00ADD677 /* Supporting Files */ = {
			isa = PBXGroup;
			children = (
				19CD3B9D19283FAB00ADD677 /* SocialTests-Info.plist */,
				19CD3B9E19283FAB00ADD677 /* InfoPlist.strings */,
			);
			name = "Supporting Files";
			sourceTree = "<group>";
		};
/* End PBXGroup section */

/* Begin PBXNativeTarget section */
		19CD3B6919283FAB00ADD677 /* Social */ = {
			isa = PBXNativeTarget;
			buildConfigurationList = 19CD3BA519283FAB00ADD677 /* Build configuration list for PBXNativeTarget "Social" */;
			buildPhases = (
				19CD3B6619283FAB00ADD677 /* Sources */,
				19CD3B6719283FAB00ADD677 /* Frameworks */,
				19CD3B6819283FAB00ADD677 /* Resources */,
			);
			buildRules = (
			);
			dependencies = (
			);
			name = Social;
			productName = Social;
			productReference = 19CD3B6A19283FAB00ADD677 /* Social.app */;
			productType = "com.apple.product-type.application";
		};
		19CD3B9219283FAB00ADD677 /* SocialTests */ = {
			isa = PBXNativeTarget;
			buildConfigurationList = 19CD3BA819283FAB00ADD677 /* Build configuration list for PBXNativeTarget "SocialTests" */;
			buildPhases = (
				19CD3B8F19283FAB00ADD677 /* Sources */,
				19CD3B9019283FAB00ADD677 /* Frameworks */,
				19CD3B9119283FAB00ADD677 /* Resources */,
			);
			buildRules = (
			);
			dependencies = (
				19CD3B9A19283FAB00ADD677 /* PBXTargetDependency */,
			);
			name = SocialTests;
			productName = SocialTests;
			productReference = 19CD3B9319283FAB00ADD677 /* SocialTests.xctest */;
			productType = "com.apple.product-type.bundle.unit-test";
		};
/* End PBXNativeTarget section */

/* Begin PBXProject section */
		19CD3B6219283FAB00ADD677 /* Project object */ = {
			isa = PBXProject;
			attributes = {
				LastUpgradeCheck = 0510;
				ORGANIZATIONNAME = "Nishant Shrestha";
				TargetAttributes = {
					19CD3B9219283FAB00ADD677 = {
						TestTargetID = 19CD3B6919283FAB00ADD677;
					};
				};
			};
			buildConfigurationList = 19CD3B6519283FAB00ADD677 /* Build configuration list for PBXProject "Social" */;
			compatibilityVersion = "Xcode 3.2";
			developmentRegion = English;
			hasScannedForEncodings = 0;
			knownRegions = (
				en,
				Base,
			);
			mainGroup = 19CD3B6119283FAB00ADD677;
			productRefGroup = 19CD3B6B19283FAB00ADD677 /* Products */;
			projectDirPath = "";
			projectRoot = "";
			targets = (
				19CD3B6919283FAB00ADD677 /* Social */,
				19CD3B9219283FAB00ADD677 /* SocialTests */,
			);
		};
/* End PBXProject section */

/* Begin PBXResourcesBuildPhase section */
		19CD3B6819283FAB00ADD677 /* Resources */ = {
			isa = PBXResourcesBuildPhase;
			buildActionMask = 2147483647;
			files = (
				19CD3B8E19283FAB00ADD677 /* Images.xcassets in Resources */,
				19CD3B7A19283FAB00ADD677 /* InfoPlist.strings in Resources */,
				19CD3B8319283FAB00ADD677 /* Main.storyboard in Resources */,
			);
			runOnlyForDeploymentPostprocessing = 0;
		};
		19CD3B9119283FAB00ADD677 /* Resources */ = {
			isa = PBXResourcesBuildPhase;
			buildActionMask = 2147483647;
			files = (
				19CD3BA019283FAB00ADD677 /* InfoPlist.strings in Resources */,
			);
			runOnlyForDeploymentPostprocessing = 0;
		};
/* End PBXResourcesBuildPhase section */

/* Begin PBXSourcesBuildPhase section */
		19CD3B6619283FAB00ADD677 /* Sources */ = {
			isa = PBXSourcesBuildPhase;
			buildActionMask = 2147483647;
			files = (
				191ABEF3192D82EB00DF31DD /* FlickrImageViewController.m in Sources */,
				191ABED3192D789800DF31DD /* NSString+STTwitter.m in Sources */,
				191ABED9192D789800DF31DD /* STTwitterAppOnly.m in Sources */,
				1906EB27192C7AE4008C340F /* SocialMediaAccount.m in Sources */,
				191ABEDD192D789800DF31DD /* STTwitterOAuth.m in Sources */,
				19CD3B8C19283FAB00ADD677 /* DetailViewController.m in Sources */,
				191ABECF192D789800DF31DD /* NSDateFormatter+STTwitter.m in Sources */,
				19CD3B8919283FAB00ADD677 /* MasterViewController.m in Sources */,
				1906EB1F192C6FF8008C340F /* SocialMediaAccountViewController.m in Sources */,
				191ABEE3192D789800DF31DD /* BAVPlistNode.m in Sources */,
				191ABEDF192D789800DF31DD /* STTwitterOS.m in Sources */,
				191ABEEF192D82DF00DF31DD /* FlickrTableViewController.m in Sources */,
				19CD3B8619283FAB00ADD677 /* Social.xcdatamodeld in Sources */,
				191ABEEB192D7F3A00DF31DD /* FlickrAPI.m in Sources */,
				191ABED1192D789800DF31DD /* NSError+STTwitter.m in Sources */,
				19885368192CA3FA00DDB028 /* FeedTableViewController.m in Sources */,
				19CD3B8019283FAB00ADD677 /* AppDelegate.m in Sources */,
				191ABEE1192D789800DF31DD /* STTwitterOSRequest.m in Sources */,
				19CD3B7C19283FAB00ADD677 /* main.m in Sources */,
				1906EB2B192C7AE4008C340F /* Contact.m in Sources */,
				196922AB192C9B46009E868A /* WebsiteViewController.m in Sources */,
				191ABEE7192D789800DF31DD /* STHTTPRequest.m in Sources */,
				191ABED7192D789800DF31DD /* STTwitterAPI.m in Sources */,
				191ABEDB192D789800DF31DD /* STTwitterHTML.m in Sources */,
				1906EB23192C7AE4008C340F /* TimelineEntry.m in Sources */,
				191ABED5192D789800DF31DD /* STHTTPRequest+STTwitter.m in Sources */,
				191ABEE5192D789800DF31DD /* JSONSyntaxHighlight.m in Sources */,
			);
			runOnlyForDeploymentPostprocessing = 0;
		};
		19CD3B8F19283FAB00ADD677 /* Sources */ = {
			isa = PBXSourcesBuildPhase;
			buildActionMask = 2147483647;
			files = (
				191ABEF4192D82EB00DF31DD /* FlickrImageViewController.m in Sources */,
				191ABEE4192D789800DF31DD /* BAVPlistNode.m in Sources */,
				191ABEDA192D789800DF31DD /* STTwitterAppOnly.m in Sources */,
				191ABED6192D789800DF31DD /* STHTTPRequest+STTwitter.m in Sources */,
				191ABEE2192D789800DF31DD /* STTwitterOSRequest.m in Sources */,
				191ABED8192D789800DF31DD /* STTwitterAPI.m in Sources */,
				191ABED2192D789800DF31DD /* NSError+STTwitter.m in Sources */,
				191ABEE0192D789800DF31DD /* STTwitterOS.m in Sources */,
				1906EB20192C6FF8008C340F /* SocialMediaAccountViewController.m in Sources */,
				1906EB28192C7AE4008C340F /* SocialMediaAccount.m in Sources */,
				1906EB2C192C7AE4008C340F /* Contact.m in Sources */,
				191ABEF0192D82DF00DF31DD /* FlickrTableViewController.m in Sources */,
				19885369192CA3FA00DDB028 /* FeedTableViewController.m in Sources */,
				1906EB24192C7AE4008C340F /* TimelineEntry.m in Sources */,
				191ABEEC192D7F3A00DF31DD /* FlickrAPI.m in Sources */,
				191ABEDE192D789800DF31DD /* STTwitterOAuth.m in Sources */,
				191ABEE6192D789800DF31DD /* JSONSyntaxHighlight.m in Sources */,
				191ABEDC192D789800DF31DD /* STTwitterHTML.m in Sources */,
				191ABED4192D789800DF31DD /* NSString+STTwitter.m in Sources */,
				196922AC192C9B46009E868A /* WebsiteViewController.m in Sources */,
				191ABED0192D789800DF31DD /* NSDateFormatter+STTwitter.m in Sources */,
				191ABEE8192D789800DF31DD /* STHTTPRequest.m in Sources */,
				19CD3BA219283FAB00ADD677 /* SocialTests.m in Sources */,
			);
			runOnlyForDeploymentPostprocessing = 0;
		};
/* End PBXSourcesBuildPhase section */

/* Begin PBXTargetDependency section */
		19CD3B9A19283FAB00ADD677 /* PBXTargetDependency */ = {
			isa = PBXTargetDependency;
			target = 19CD3B6919283FAB00ADD677 /* Social */;
			targetProxy = 19CD3B9919283FAB00ADD677 /* PBXContainerItemProxy */;
		};
/* End PBXTargetDependency section */

/* Begin PBXVariantGroup section */
		19CD3B7819283FAB00ADD677 /* InfoPlist.strings */ = {
			isa = PBXVariantGroup;
			children = (
				19CD3B7919283FAB00ADD677 /* en */,
			);
			name = InfoPlist.strings;
			sourceTree = "<group>";
		};
		19CD3B8119283FAB00ADD677 /* Main.storyboard */ = {
			isa = PBXVariantGroup;
			children = (
				19CD3B8219283FAB00ADD677 /* Base */,
			);
			name = Main.storyboard;
			sourceTree = "<group>";
		};
		19CD3B9E19283FAB00ADD677 /* InfoPlist.strings */ = {
			isa = PBXVariantGroup;
			children = (
				19CD3B9F19283FAB00ADD677 /* en */,
			);
			name = InfoPlist.strings;
			sourceTree = "<group>";
		};
/* End PBXVariantGroup section */

/* Begin XCBuildConfiguration section */
		19CD3BA319283FAB00ADD677 /* Debug */ = {
			isa = XCBuildConfiguration;
			buildSettings = {
				ALWAYS_SEARCH_USER_PATHS = NO;
				CLANG_CXX_LANGUAGE_STANDARD = "gnu++0x";
				CLANG_CXX_LIBRARY = "libc++";
				CLANG_ENABLE_MODULES = YES;
				CLANG_ENABLE_OBJC_ARC = YES;
				CLANG_WARN_BOOL_CONVERSION = YES;
				CLANG_WARN_CONSTANT_CONVERSION = YES;
				CLANG_WARN_DIRECT_OBJC_ISA_USAGE = YES_ERROR;
				CLANG_WARN_EMPTY_BODY = YES;
				CLANG_WARN_ENUM_CONVERSION = YES;
				CLANG_WARN_INT_CONVERSION = YES;
				CLANG_WARN_OBJC_ROOT_CLASS = YES_ERROR;
				CLANG_WARN__DUPLICATE_METHOD_MATCH = YES;
				"CODE_SIGN_IDENTITY[sdk=iphoneos*]" = "iPhone Developer";
				COPY_PHASE_STRIP = NO;
				GCC_C_LANGUAGE_STANDARD = gnu99;
				GCC_DYNAMIC_NO_PIC = NO;
				GCC_OPTIMIZATION_LEVEL = 0;
				GCC_PREPROCESSOR_DEFINITIONS = (
					"DEBUG=1",
					"$(inherited)",
				);
				GCC_SYMBOLS_PRIVATE_EXTERN = NO;
				GCC_WARN_64_TO_32_BIT_CONVERSION = YES;
				GCC_WARN_ABOUT_RETURN_TYPE = YES_ERROR;
				GCC_WARN_UNDECLARED_SELECTOR = YES;
				GCC_WARN_UNINITIALIZED_AUTOS = YES_AGGRESSIVE;
				GCC_WARN_UNUSED_FUNCTION = YES;
				GCC_WARN_UNUSED_VARIABLE = YES;
				IPHONEOS_DEPLOYMENT_TARGET = 7.1;
				ONLY_ACTIVE_ARCH = YES;
				SDKROOT = iphoneos;
			};
			name = Debug;
		};
		19CD3BA419283FAB00ADD677 /* Release */ = {
			isa = XCBuildConfiguration;
			buildSettings = {
				ALWAYS_SEARCH_USER_PATHS = NO;
				CLANG_CXX_LANGUAGE_STANDARD = "gnu++0x";
				CLANG_CXX_LIBRARY = "libc++";
				CLANG_ENABLE_MODULES = YES;
				CLANG_ENABLE_OBJC_ARC = YES;
				CLANG_WARN_BOOL_CONVERSION = YES;
				CLANG_WARN_CONSTANT_CONVERSION = YES;
				CLANG_WARN_DIRECT_OBJC_ISA_USAGE = YES_ERROR;
				CLANG_WARN_EMPTY_BODY = YES;
				CLANG_WARN_ENUM_CONVERSION = YES;
				CLANG_WARN_INT_CONVERSION = YES;
				CLANG_WARN_OBJC_ROOT_CLASS = YES_ERROR;
				CLANG_WARN__DUPLICATE_METHOD_MATCH = YES;
				"CODE_SIGN_IDENTITY[sdk=iphoneos*]" = "iPhone Developer";
				COPY_PHASE_STRIP = YES;
				ENABLE_NS_ASSERTIONS = NO;
				GCC_C_LANGUAGE_STANDARD = gnu99;
				GCC_WARN_64_TO_32_BIT_CONVERSION = YES;
				GCC_WARN_ABOUT_RETURN_TYPE = YES_ERROR;
				GCC_WARN_UNDECLARED_SELECTOR = YES;
				GCC_WARN_UNINITIALIZED_AUTOS = YES_AGGRESSIVE;
				GCC_WARN_UNUSED_FUNCTION = YES;
				GCC_WARN_UNUSED_VARIABLE = YES;
				IPHONEOS_DEPLOYMENT_TARGET = 7.1;
				SDKROOT = iphoneos;
				VALIDATE_PRODUCT = YES;
			};
			name = Release;
		};
		19CD3BA619283FAB00ADD677 /* Debug */ = {
			isa = XCBuildConfiguration;
			buildSettings = {
				ASSETCATALOG_COMPILER_APPICON_NAME = AppIcon;
				ASSETCATALOG_COMPILER_LAUNCHIMAGE_NAME = LaunchImage;
				GCC_PRECOMPILE_PREFIX_HEADER = YES;
				GCC_PREFIX_HEADER = "Social/Social-Prefix.pch";
				INFOPLIST_FILE = "Social/Social-Info.plist";
				PRODUCT_NAME = "$(TARGET_NAME)";
				WRAPPER_EXTENSION = app;
			};
			name = Debug;
		};
		19CD3BA719283FAB00ADD677 /* Release */ = {
			isa = XCBuildConfiguration;
			buildSettings = {
				ASSETCATALOG_COMPILER_APPICON_NAME = AppIcon;
				ASSETCATALOG_COMPILER_LAUNCHIMAGE_NAME = LaunchImage;
				GCC_PRECOMPILE_PREFIX_HEADER = YES;
				GCC_PREFIX_HEADER = "Social/Social-Prefix.pch";
				INFOPLIST_FILE = "Social/Social-Info.plist";
				PRODUCT_NAME = "$(TARGET_NAME)";
				WRAPPER_EXTENSION = app;
			};
			name = Release;
		};
		19CD3BA919283FAB00ADD677 /* Debug */ = {
			isa = XCBuildConfiguration;
			buildSettings = {
				BUNDLE_LOADER = "$(BUILT_PRODUCTS_DIR)/Social.app/Social";
				FRAMEWORK_SEARCH_PATHS = (
					"$(SDKROOT)/Developer/Library/Frameworks",
					"$(inherited)",
					"$(DEVELOPER_FRAMEWORKS_DIR)",
				);
				GCC_PRECOMPILE_PREFIX_HEADER = YES;
				GCC_PREFIX_HEADER = "Social/Social-Prefix.pch";
				GCC_PREPROCESSOR_DEFINITIONS = (
					"DEBUG=1",
					"$(inherited)",
				);
				INFOPLIST_FILE = "SocialTests/SocialTests-Info.plist";
				PRODUCT_NAME = "$(TARGET_NAME)";
				TEST_HOST = "$(BUNDLE_LOADER)";
				WRAPPER_EXTENSION = xctest;
			};
			name = Debug;
		};
		19CD3BAA19283FAB00ADD677 /* Release */ = {
			isa = XCBuildConfiguration;
			buildSettings = {
				BUNDLE_LOADER = "$(BUILT_PRODUCTS_DIR)/Social.app/Social";
				FRAMEWORK_SEARCH_PATHS = (
					"$(SDKROOT)/Developer/Library/Frameworks",
					"$(inherited)",
					"$(DEVELOPER_FRAMEWORKS_DIR)",
				);
				GCC_PRECOMPILE_PREFIX_HEADER = YES;
				GCC_PREFIX_HEADER = "Social/Social-Prefix.pch";
				INFOPLIST_FILE = "SocialTests/SocialTests-Info.plist";
				PRODUCT_NAME = "$(TARGET_NAME)";
				TEST_HOST = "$(BUNDLE_LOADER)";
				WRAPPER_EXTENSION = xctest;
			};
			name = Release;
		};
/* End XCBuildConfiguration section */

/* Begin XCConfigurationList section */
		19CD3B6519283FAB00ADD677 /* Build configuration list for PBXProject "Social" */ = {
			isa = XCConfigurationList;
			buildConfigurations = (
				19CD3BA319283FAB00ADD677 /* Debug */,
				19CD3BA419283FAB00ADD677 /* Release */,
			);
			defaultConfigurationIsVisible = 0;
			defaultConfigurationName = Release;
		};
		19CD3BA519283FAB00ADD677 /* Build configuration list for PBXNativeTarget "Social" */ = {
			isa = XCConfigurationList;
			buildConfigurations = (
				19CD3BA619283FAB00ADD677 /* Debug */,
				19CD3BA719283FAB00ADD677 /* Release */,
			);
			defaultConfigurationIsVisible = 0;
			defaultConfigurationName = Release;
		};
		19CD3BA819283FAB00ADD677 /* Build configuration list for PBXNativeTarget "SocialTests" */ = {
			isa = XCConfigurationList;
			buildConfigurations = (
				19CD3BA919283FAB00ADD677 /* Debug */,
				19CD3BAA19283FAB00ADD677 /* Release */,
			);
			defaultConfigurationIsVisible = 0;
			defaultConfigurationName = Release;
		};
/* End XCConfigurationList section */

/* Begin XCVersionGroup section */
		19CD3B8419283FAB00ADD677 /* Social.xcdatamodeld */ = {
			isa = XCVersionGroup;
			children = (
				19CD3B8519283FAB00ADD677 /* Social.xcdatamodel */,
			);
			currentVersion = 19CD3B8519283FAB00ADD677 /* Social.xcdatamodel */;
			path = Social.xcdatamodeld;
			sourceTree = "<group>";
			versionGroupType = wrapper.xcdatamodel;
		};
/* End XCVersionGroup section */
	};
	rootObject = 19CD3B6219283FAB00ADD677 /* Project object */;
}
